{
  "version": "5",
  "remote": {
    "https://esm.sh/node-html-parser@9.0.1": "af23faa47cd439d0c6ce7fe0fde7ce3b3e7a0b706ad2d6917f21c251e67eeda8",
    "https://esm.sh/node-html-parser@9.0.1/denonext/node-html-parser.mjs": "31edac2c8547c0a350bb1e08a380f353c4e275d1f51fe013b7accf295413c5f2"
  },
  "workspace": {
    "packageJson": {
      "dependencies": [
        "npm:@eslint/js@^10.0.1",
        "npm:@types/node@^24.13.3",
        "npm:@types/react-dom@^19.2.3",
        "npm:@types/react@^19.2.17",
        "npm:@vitejs/plugin-react@^6.0.4",
        "npm:chart.js@^4.5.1",
        "npm:eslint-plugin-react-hooks@^7.1.1",
        "npm:eslint-plugin-react-refresh@~0.5.3",
        "npm:eslint@^10.8.0",
        "npm:globals@^17.7.0",
        "npm:lucide-react@^1.32.0",
        "npm:node-html-parser@^9.0.1",
        "npm:react-chartjs-2@^5.3.1",
        "npm:react-dom@^19.2.8",
        "npm:react@^19.2.8",
        "npm:typescript-eslint@^8.65.0",
        "npm:typescript@~6.0.2",
        "npm:vite@^8.2.0"
      ]
    }
  }
}
